
Microsoft Visual Studio Solution File, Format Version 12.00
# Visual Studio Version 17
VisualStudioVersion = 17.12.35527.113 d17.12
MinimumVisualStudioVersion = 10.0.40219.1
Project("{FAE04EC0-301F-11D3-BF4B-00C04F79EFBC}") = "ConsoleApp4", "ConsoleApp4\ConsoleApp4.csproj", "{F5A7853A-9290-48F3-937C-634ECAC330F2}"
EndProject
Global
	GlobalSection(SolutionConfigurationPlatforms) = preSolution
		Debug|Any CPU = Debug|Any CPU
		Release|Any CPU = Release|Any CPU
	EndGlobalSection
	GlobalSection(ProjectConfigurationPlatforms) = postSolution
		{F5A7853A-9290-48F3-937C-634ECAC330F2}.Debug|Any CPU.ActiveCfg = Debug|Any CPU
		{F5A7853A-9290-48F3-937C-634ECAC330F2}.Debug|Any CPU.Build.0 = Debug|Any CPU
		{F5A7853A-9290-48F3-937C-634ECAC330F2}.Release|Any CPU.ActiveCfg = Release|Any CPU
		{F5A7853A-9290-48F3-937C-634ECAC330F2}.Release|Any CPU.Build.0 = Release|Any CPU
	EndGlobalSection
	GlobalSection(SolutionProperties) = preSolution
		HideSolutionNode = FALSE
	EndGlobalSection
EndGlobal
